
Microsoft Visual Studio Solution File, Format Version 12.00
# Visual Studio Version 17
VisualStudioVersion = 17.10.35027.167
MinimumVisualStudioVersion = 10.0.40219.1
Project("{FAE04EC0-301F-11D3-BF4B-00C04F79EFBC}") = "Identity", "Identity\Identity.csproj", "{2CEB1BA4-1D61-41B6-8E49-A6460B6BF1BE}"
EndProject
Global
	GlobalSection(SolutionConfigurationPlatforms) = preSolution
		Debug|Any CPU = Debug|Any CPU
		Release|Any CPU = Release|Any CPU
	EndGlobalSection
	GlobalSection(ProjectConfigurationPlatforms) = postSolution
		{2CEB1BA4-1D61-41B6-8E49-A6460B6BF1BE}.Debug|Any CPU.ActiveCfg = Debug|Any CPU
		{2CEB1BA4-1D61-41B6-8E49-A6460B6BF1BE}.Debug|Any CPU.Build.0 = Debug|Any CPU
		{2CEB1BA4-1D61-41B6-8E49-A6460B6BF1BE}.Release|Any CPU.ActiveCfg = Release|Any CPU
		{2CEB1BA4-1D61-41B6-8E49-A6460B6BF1BE}.Release|Any CPU.Build.0 = Release|Any CPU
	EndGlobalSection
	GlobalSection(SolutionProperties) = preSolution
		HideSolutionNode = FALSE
	EndGlobalSection
	GlobalSection(ExtensibilityGlobals) = postSolution
		SolutionGuid = {562FF16E-284C-4767-AA1C-C4E30FF7C8E3}
	EndGlobalSection
EndGlobal
